
Microsoft Visual Studio Solution File, Format Version 12.00
# Visual Studio Version 17
VisualStudioVersion = 17.14.36414.22 d17.14
MinimumVisualStudioVersion = 10.0.40219.1
Project("{FAE04EC0-301F-11D3-BF4B-00C04F79EFBC}") = "Bookmaster34", "Bookmaster34\Bookmaster34.csproj", "{01784752-DCC8-4DD7-B9E6-C034F1B0F53D}"
EndProject
Global
	GlobalSection(SolutionConfigurationPlatforms) = preSolution
		Debug|Any CPU = Debug|Any CPU
		Release|Any CPU = Release|Any CPU
	EndGlobalSection
	GlobalSection(ProjectConfigurationPlatforms) = postSolution
		{01784752-DCC8-4DD7-B9E6-C034F1B0F53D}.Debug|Any CPU.ActiveCfg = Debug|Any CPU
		{01784752-DCC8-4DD7-B9E6-C034F1B0F53D}.Debug|Any CPU.Build.0 = Debug|Any CPU
		{01784752-DCC8-4DD7-B9E6-C034F1B0F53D}.Release|Any CPU.ActiveCfg = Release|Any CPU
		{01784752-DCC8-4DD7-B9E6-C034F1B0F53D}.Release|Any CPU.Build.0 = Release|Any CPU
	EndGlobalSection
	GlobalSection(SolutionProperties) = preSolution
		HideSolutionNode = FALSE
	EndGlobalSection
	GlobalSection(ExtensibilityGlobals) = postSolution
		SolutionGuid = {1DA19A14-C796-47B6-8AF5-5CCFA741FDC8}
	EndGlobalSection
EndGlobal
